// !$*UTF8*$!
{
	archiveVersion = 1;
	classes = {
	};
	objectVersion = 50;
	objects = {

/* Begin PBXBuildFile section */
		0576825B264869DC006F6DAE /* AppDelegate.swift in Sources */ = {isa = PBXBuildFile; fileRef = 0576825A264869DC006F6DAE /* AppDelegate.swift */; };
		0576825D264869DC006F6DAE /* SceneDelegate.swift in Sources */ = {isa = PBXBuildFile; fileRef = 0576825C264869DC006F6DAE /* SceneDelegate.swift */; };
		0576825F264869DC006F6DAE /* ContentView.swift in Sources */ = {isa = PBXBuildFile; fileRef = 0576825E264869DC006F6DAE /* ContentView.swift */; };
		05768261264869E1006F6DAE /* Assets.xcassets in Resources */ = {isa = PBXBuildFile; fileRef = 05768260264869E1006F6DAE /* Assets.xcassets */; };
		05768264264869E1006F6DAE /* Preview Assets.xcassets in Resources */ = {isa = PBXBuildFile; fileRef = 05768263264869E1006F6DAE /* Preview Assets.xcassets */; };
		05768267264869E1006F6DAE /* LaunchScreen.storyboard in Resources */ = {isa = PBXBuildFile; fileRef = 05768265264869E1006F6DAE /* LaunchScreen.storyboard */; };
		05768270264871ED006F6DAE /* EmojiList.swift in Sources */ = {isa = PBXBuildFile; fileRef = 0576826F264871ED006F6DAE /* EmojiList.swift */; };
		0576827326487386006F6DAE /* EmojiDataModel.swift in Sources */ = {isa = PBXBuildFile; fileRef = 0576827226487386006F6DAE /* EmojiDataModel.swift */; };
		0576827526487888006F6DAE /* AddNewEmojiView.swift in Sources */ = {isa = PBXBuildFile; fileRef = 0576827426487888006F6DAE /* AddNewEmojiView.swift */; };
		057682772648916B006F6DAE /* SmileyListView.swift in Sources */ = {isa = PBXBuildFile; fileRef = 057682762648916B006F6DAE /* SmileyListView.swift */; };
		0576827926489262006F6DAE /* SmileyDetailView.swift in Sources */ = {isa = PBXBuildFile; fileRef = 0576827826489262006F6DAE /* SmileyDetailView.swift */; };
		0576827C26494ABD006F6DAE /* PresentationOptionListView.swift in Sources */ = {isa = PBXBuildFile; fileRef = 0576827B26494ABD006F6DAE /* PresentationOptionListView.swift */; };
		0576827E26494C12006F6DAE /* PopOverExample.swift in Sources */ = {isa = PBXBuildFile; fileRef = 0576827D26494C12006F6DAE /* PopOverExample.swift */; };
		0576828026494C27006F6DAE /* AlertExamples.swift in Sources */ = {isa = PBXBuildFile; fileRef = 0576827F26494C27006F6DAE /* AlertExamples.swift */; };
		0576828226494C3C006F6DAE /* ActionSheetExamples.swift in Sources */ = {isa = PBXBuildFile; fileRef = 0576828126494C3C006F6DAE /* ActionSheetExamples.swift */; };
		0576828426494C58006F6DAE /* ModalPresentationExamples.swift in Sources */ = {isa = PBXBuildFile; fileRef = 0576828326494C58006F6DAE /* ModalPresentationExamples.swift */; };
		05768287264957C6006F6DAE /* MasterView.swift in Sources */ = {isa = PBXBuildFile; fileRef = 05768286264957C6006F6DAE /* MasterView.swift */; };
		05768289264959B1006F6DAE /* NavigationController.swift in Sources */ = {isa = PBXBuildFile; fileRef = 05768288264959B1006F6DAE /* NavigationController.swift */; };
		0576828B264959F2006F6DAE /* FirstDetailView.swift in Sources */ = {isa = PBXBuildFile; fileRef = 0576828A264959F2006F6DAE /* FirstDetailView.swift */; };
		0576828D26495A0F006F6DAE /* SecondDetailView.swift in Sources */ = {isa = PBXBuildFile; fileRef = 0576828C26495A0F006F6DAE /* SecondDetailView.swift */; };
/* End PBXBuildFile section */

/* Begin PBXFileReference section */
		05768257264869DC006F6DAE /* ArchitectureProject.app */ = {isa = PBXFileReference; explicitFileType = wrapper.application; includeInIndex = 0; path = ArchitectureProject.app; sourceTree = BUILT_PRODUCTS_DIR; };
		0576825A264869DC006F6DAE /* AppDelegate.swift */ = {isa = PBXFileReference; lastKnownFileType = sourcecode.swift; path = AppDelegate.swift; sourceTree = "<group>"; };
		0576825C264869DC006F6DAE /* SceneDelegate.swift */ = {isa = PBXFileReference; lastKnownFileType = sourcecode.swift; path = SceneDelegate.swift; sourceTree = "<group>"; };
		0576825E264869DC006F6DAE /* ContentView.swift */ = {isa = PBXFileReference; lastKnownFileType = sourcecode.swift; path = ContentView.swift; sourceTree = "<group>"; };
		05768260264869E1006F6DAE /* Assets.xcassets */ = {isa = PBXFileReference; lastKnownFileType = folder.assetcatalog; path = Assets.xcassets; sourceTree = "<group>"; };
		05768263264869E1006F6DAE /* Preview Assets.xcassets */ = {isa = PBXFileReference; lastKnownFileType = folder.assetcatalog; path = "Preview Assets.xcassets"; sourceTree = "<group>"; };
		05768266264869E1006F6DAE /* Base */ = {isa = PBXFileReference; lastKnownFileType = file.storyboard; name = Base; path = Base.lproj/LaunchScreen.storyboard; sourceTree = "<group>"; };
		05768268264869E1006F6DAE /* Info.plist */ = {isa = PBXFileReference; lastKnownFileType = text.plist.xml; path = Info.plist; sourceTree = "<group>"; };
		0576826F264871ED006F6DAE /* EmojiList.swift */ = {isa = PBXFileReference; lastKnownFileType = sourcecode.swift; path = EmojiList.swift; sourceTree = "<group>"; };
		0576827226487386006F6DAE /* EmojiDataModel.swift */ = {isa = PBXFileReference; lastKnownFileType = sourcecode.swift; path = EmojiDataModel.swift; sourceTree = "<group>"; };
		0576827426487888006F6DAE /* AddNewEmojiView.swift */ = {isa = PBXFileReference; lastKnownFileType = sourcecode.swift; path = AddNewEmojiView.swift; sourceTree = "<group>"; };
		057682762648916B006F6DAE /* SmileyListView.swift */ = {isa = PBXFileReference; lastKnownFileType = sourcecode.swift; path = SmileyListView.swift; sourceTree = "<group>"; };
		0576827826489262006F6DAE /* SmileyDetailView.swift */ = {isa = PBXFileReference; lastKnownFileType = sourcecode.swift; path = SmileyDetailView.swift; sourceTree = "<group>"; };
		0576827B26494ABD006F6DAE /* PresentationOptionListView.swift */ = {isa = PBXFileReference; lastKnownFileType = sourcecode.swift; path = PresentationOptionListView.swift; sourceTree = "<group>"; };
		0576827D26494C12006F6DAE /* PopOverExample.swift */ = {isa = PBXFileReference; lastKnownFileType = sourcecode.swift; path = PopOverExample.swift; sourceTree = "<group>"; };
		0576827F26494C27006F6DAE /* AlertExamples.swift */ = {isa = PBXFileReference; lastKnownFileType = sourcecode.swift; path = AlertExamples.swift; sourceTree = "<group>"; };
		0576828126494C3C006F6DAE /* ActionSheetExamples.swift */ = {isa = PBXFileReference; lastKnownFileType = sourcecode.swift; path = ActionSheetExamples.swift; sourceTree = "<group>"; };
		0576828326494C58006F6DAE /* ModalPresentationExamples.swift */ = {isa = PBXFileReference; lastKnownFileType = sourcecode.swift; path = ModalPresentationExamples.swift; sourceTree = "<group>"; };
		05768286264957C6006F6DAE /* MasterView.swift */ = {isa = PBXFileReference; lastKnownFileType = sourcecode.swift; path = MasterView.swift; sourceTree = "<group>"; };
		05768288264959B1006F6DAE /* NavigationController.swift */ = {isa = PBXFileReference; lastKnownFileType = sourcecode.swift; path = NavigationController.swift; sourceTree = "<group>"; };
		0576828A264959F2006F6DAE /* FirstDetailView.swift */ = {isa = PBXFileReference; fileEncoding = 4; lastKnownFileType = sourcecode.swift; path = FirstDetailView.swift; sourceTree = "<group>"; };
		0576828C26495A0F006F6DAE /* SecondDetailView.swift */ = {isa = PBXFileReference; fileEncoding = 4; lastKnownFileType = sourcecode.swift; path = SecondDetailView.swift; sourceTree = "<group>"; };
/* End PBXFileReference section */

/* Begin PBXFrameworksBuildPhase section */
		05768254264869DC006F6DAE /* Frameworks */ = {
			isa = PBXFrameworksBuildPhase;
			buildActionMask = 2147483647;
			files = (
			);
			runOnlyForDeploymentPostprocessing = 0;
		};
/* End PBXFrameworksBuildPhase section */

/* Begin PBXGroup section */
		0576824E264869DC006F6DAE = {
			isa = PBXGroup;
			children = (
				05768259264869DC006F6DAE /* ArchitectureProject */,
				05768258264869DC006F6DAE /* Products */,
			);
			sourceTree = "<group>";
		};
		05768258264869DC006F6DAE /* Products */ = {
			isa = PBXGroup;
			children = (
				05768257264869DC006F6DAE /* ArchitectureProject.app */,
			);
			name = Products;
			sourceTree = "<group>";
		};
		05768259264869DC006F6DAE /* ArchitectureProject */ = {
			isa = PBXGroup;
			children = (
				05768285264957A4006F6DAE /* Advanced Navigation */,
				0576825A264869DC006F6DAE /* AppDelegate.swift */,
				0576825C264869DC006F6DAE /* SceneDelegate.swift */,
				0576825E264869DC006F6DAE /* ContentView.swift */,
				0576826E264871C2006F6DAE /* ContentViews */,
				05768260264869E1006F6DAE /* Assets.xcassets */,
				0576827A26494A8C006F6DAE /* Presentation */,
				0576827126487371006F6DAE /* View model */,
				05768265264869E1006F6DAE /* LaunchScreen.storyboard */,
				05768268264869E1006F6DAE /* Info.plist */,
				05768262264869E1006F6DAE /* Preview Content */,
			);
			path = ArchitectureProject;
			sourceTree = "<group>";
		};
		05768262264869E1006F6DAE /* Preview Content */ = {
			isa = PBXGroup;
			children = (
				05768263264869E1006F6DAE /* Preview Assets.xcassets */,
			);
			path = "Preview Content";
			sourceTree = "<group>";
		};
		0576826E264871C2006F6DAE /* ContentViews */ = {
			isa = PBXGroup;
			children = (
				0576826F264871ED006F6DAE /* EmojiList.swift */,
				0576827426487888006F6DAE /* AddNewEmojiView.swift */,
				057682762648916B006F6DAE /* SmileyListView.swift */,
				0576827826489262006F6DAE /* SmileyDetailView.swift */,
			);
			path = ContentViews;
			sourceTree = "<group>";
		};
		0576827126487371006F6DAE /* View model */ = {
			isa = PBXGroup;
			children = (
				0576827226487386006F6DAE /* EmojiDataModel.swift */,
			);
			path = "View model";
			sourceTree = "<group>";
		};
		0576827A26494A8C006F6DAE /* Presentation */ = {
			isa = PBXGroup;
			children = (
				0576827B26494ABD006F6DAE /* PresentationOptionListView.swift */,
				0576827D26494C12006F6DAE /* PopOverExample.swift */,
				0576827F26494C27006F6DAE /* AlertExamples.swift */,
				0576828126494C3C006F6DAE /* ActionSheetExamples.swift */,
				0576828326494C58006F6DAE /* ModalPresentationExamples.swift */,
			);
			path = Presentation;
			sourceTree = "<group>";
		};
		05768285264957A4006F6DAE /* Advanced Navigation */ = {
			isa = PBXGroup;
			children = (
				05768286264957C6006F6DAE /* MasterView.swift */,
				05768288264959B1006F6DAE /* NavigationController.swift */,
				0576828A264959F2006F6DAE /* FirstDetailView.swift */,
				0576828C26495A0F006F6DAE /* SecondDetailView.swift */,
			);
			path = "Advanced Navigation";
			sourceTree = "<group>";
		};
/* End PBXGroup section */

/* Begin PBXNativeTarget section */
		05768256264869DC006F6DAE /* ArchitectureProject */ = {
			isa = PBXNativeTarget;
			buildConfigurationList = 0576826B264869E1006F6DAE /* Build configuration list for PBXNativeTarget "ArchitectureProject" */;
			buildPhases = (
				05768253264869DC006F6DAE /* Sources */,
				05768254264869DC006F6DAE /* Frameworks */,
				05768255264869DC006F6DAE /* Resources */,
			);
			buildRules = (
			);
			dependencies = (
			);
			name = ArchitectureProject;
			productName = ArchitectureProject;
			productReference = 05768257264869DC006F6DAE /* ArchitectureProject.app */;
			productType = "com.apple.product-type.application";
		};
/* End PBXNativeTarget section */

/* Begin PBXProject section */
		0576824F264869DC006F6DAE /* Project object */ = {
			isa = PBXProject;
			attributes = {
				LastSwiftUpdateCheck = 1250;
				LastUpgradeCheck = 1250;
				TargetAttributes = {
					05768256264869DC006F6DAE = {
						CreatedOnToolsVersion = 12.5;
					};
				};
			};
			buildConfigurationList = 05768252264869DC006F6DAE /* Build configuration list for PBXProject "ArchitectureProject" */;
			compatibilityVersion = "Xcode 9.3";
			developmentRegion = en;
			hasScannedForEncodings = 0;
			knownRegions = (
				en,
				Base,
			);
			mainGroup = 0576824E264869DC006F6DAE;
			productRefGroup = 05768258264869DC006F6DAE /* Products */;
			projectDirPath = "";
			projectRoot = "";
			targets = (
				05768256264869DC006F6DAE /* ArchitectureProject */,
			);
		};
/* End PBXProject section */

/* Begin PBXResourcesBuildPhase section */
		05768255264869DC006F6DAE /* Resources */ = {
			isa = PBXResourcesBuildPhase;
			buildActionMask = 2147483647;
			files = (
				05768267264869E1006F6DAE /* LaunchScreen.storyboard in Resources */,
				05768264264869E1006F6DAE /* Preview Assets.xcassets in Resources */,
				05768261264869E1006F6DAE /* Assets.xcassets in Resources */,
			);
			runOnlyForDeploymentPostprocessing = 0;
		};
/* End PBXResourcesBuildPhase section */

/* Begin PBXSourcesBuildPhase section */
		05768253264869DC006F6DAE /* Sources */ = {
			isa = PBXSourcesBuildPhase;
			buildActionMask = 2147483647;
			files = (
				0576827E26494C12006F6DAE /* PopOverExample.swift in Sources */,
				0576825B264869DC006F6DAE /* AppDelegate.swift in Sources */,
				05768287264957C6006F6DAE /* MasterView.swift in Sources */,
				0576828226494C3C006F6DAE /* ActionSheetExamples.swift in Sources */,
				0576825D264869DC006F6DAE /* SceneDelegate.swift in Sources */,
				0576827926489262006F6DAE /* SmileyDetailView.swift in Sources */,
				0576828B264959F2006F6DAE /* FirstDetailView.swift in Sources */,
				0576827326487386006F6DAE /* EmojiDataModel.swift in Sources */,
				05768289264959B1006F6DAE /* NavigationController.swift in Sources */,
				0576827C26494ABD006F6DAE /* PresentationOptionListView.swift in Sources */,
				05768270264871ED006F6DAE /* EmojiList.swift in Sources */,
				0576828D26495A0F006F6DAE /* SecondDetailView.swift in Sources */,
				0576828426494C58006F6DAE /* ModalPresentationExamples.swift in Sources */,
				057682772648916B006F6DAE /* SmileyListView.swift in Sources */,
				0576825F264869DC006F6DAE /* ContentView.swift in Sources */,
				0576828026494C27006F6DAE /* AlertExamples.swift in Sources */,
				0576827526487888006F6DAE /* AddNewEmojiView.swift in Sources */,
			);
			runOnlyForDeploymentPostprocessing = 0;
		};
/* End PBXSourcesBuildPhase section */

/* Begin PBXVariantGroup section */
		05768265264869E1006F6DAE /* LaunchScreen.storyboard */ = {
			isa = PBXVariantGroup;
			children = (
				05768266264869E1006F6DAE /* Base */,
			);
			name = LaunchScreen.storyboard;
			sourceTree = "<group>";
		};
/* End PBXVariantGroup section */

/* Begin XCBuildConfiguration section */
		05768269264869E1006F6DAE /* Debug */ = {
			isa = XCBuildConfiguration;
			buildSettings = {
				ALWAYS_SEARCH_USER_PATHS = NO;
				CLANG_ANALYZER_NONNULL = YES;
				CLANG_ANALYZER_NUMBER_OBJECT_CONVERSION = YES_AGGRESSIVE;
				CLANG_CXX_LANGUAGE_STANDARD = "gnu++14";
				CLANG_CXX_LIBRARY = "libc++";
				CLANG_ENABLE_MODULES = YES;
				CLANG_ENABLE_OBJC_ARC = YES;
				CLANG_ENABLE_OBJC_WEAK = YES;
				CLANG_WARN_BLOCK_CAPTURE_AUTORELEASING = YES;
				CLANG_WARN_BOOL_CONVERSION = YES;
				CLANG_WARN_COMMA = YES;
				CLANG_WARN_CONSTANT_CONVERSION = YES;
				CLANG_WARN_DEPRECATED_OBJC_IMPLEMENTATIONS = YES;
				CLANG_WARN_DIRECT_OBJC_ISA_USAGE = YES_ERROR;
				CLANG_WARN_DOCUMENTATION_COMMENTS = YES;
				CLANG_WARN_EMPTY_BODY = YES;
				CLANG_WARN_ENUM_CONVERSION = YES;
				CLANG_WARN_INFINITE_RECURSION = YES;
				CLANG_WARN_INT_CONVERSION = YES;
				CLANG_WARN_NON_LITERAL_NULL_CONVERSION = YES;
				CLANG_WARN_OBJC_IMPLICIT_RETAIN_SELF = YES;
				CLANG_WARN_OBJC_LITERAL_CONVERSION = YES;
				CLANG_WARN_OBJC_ROOT_CLASS = YES_ERROR;
				CLANG_WARN_QUOTED_INCLUDE_IN_FRAMEWORK_HEADER = YES;
				CLANG_WARN_RANGE_LOOP_ANALYSIS = YES;
				CLANG_WARN_STRICT_PROTOTYPES = YES;
				CLANG_WARN_SUSPICIOUS_MOVE = YES;
				CLANG_WARN_UNGUARDED_AVAILABILITY = YES_AGGRESSIVE;
				CLANG_WARN_UNREACHABLE_CODE = YES;
				CLANG_WARN__DUPLICATE_METHOD_MATCH = YES;
				COPY_PHASE_STRIP = NO;
				DEBUG_INFORMATION_FORMAT = dwarf;
				ENABLE_STRICT_OBJC_MSGSEND = YES;
				ENABLE_TESTABILITY = YES;
				GCC_C_LANGUAGE_STANDARD = gnu11;
				GCC_DYNAMIC_NO_PIC = NO;
				GCC_NO_COMMON_BLOCKS = YES;
				GCC_OPTIMIZATION_LEVEL = 0;
				GCC_PREPROCESSOR_DEFINITIONS = (
					"DEBUG=1",
					"$(inherited)",
				);
				GCC_WARN_64_TO_32_BIT_CONVERSION = YES;
				GCC_WARN_ABOUT_RETURN_TYPE = YES_ERROR;
				GCC_WARN_UNDECLARED_SELECTOR = YES;
				GCC_WARN_UNINITIALIZED_AUTOS = YES_AGGRESSIVE;
				GCC_WARN_UNUSED_FUNCTION = YES;
				GCC_WARN_UNUSED_VARIABLE = YES;
				IPHONEOS_DEPLOYMENT_TARGET = 14.5;
				MTL_ENABLE_DEBUG_INFO = INCLUDE_SOURCE;
				MTL_FAST_MATH = YES;
				ONLY_ACTIVE_ARCH = YES;
				SDKROOT = iphoneos;
				SWIFT_ACTIVE_COMPILATION_CONDITIONS = DEBUG;
				SWIFT_OPTIMIZATION_LEVEL = "-Onone";
			};
			name = Debug;
		};
		0576826A264869E1006F6DAE /* Release */ = {
			isa = XCBuildConfiguration;
			buildSettings = {
				ALWAYS_SEARCH_USER_PATHS = NO;
				CLANG_ANALYZER_NONNULL = YES;
				CLANG_ANALYZER_NUMBER_OBJECT_CONVERSION = YES_AGGRESSIVE;
				CLANG_CXX_LANGUAGE_STANDARD = "gnu++14";
				CLANG_CXX_LIBRARY = "libc++";
				CLANG_ENABLE_MODULES = YES;
				CLANG_ENABLE_OBJC_ARC = YES;
				CLANG_ENABLE_OBJC_WEAK = YES;
				CLANG_WARN_BLOCK_CAPTURE_AUTORELEASING = YES;
				CLANG_WARN_BOOL_CONVERSION = YES;
				CLANG_WARN_COMMA = YES;
				CLANG_WARN_CONSTANT_CONVERSION = YES;
				CLANG_WARN_DEPRECATED_OBJC_IMPLEMENTATIONS = YES;
				CLANG_WARN_DIRECT_OBJC_ISA_USAGE = YES_ERROR;
				CLANG_WARN_DOCUMENTATION_COMMENTS = YES;
				CLANG_WARN_EMPTY_BODY = YES;
				CLANG_WARN_ENUM_CONVERSION = YES;
				CLANG_WARN_INFINITE_RECURSION = YES;
				CLANG_WARN_INT_CONVERSION = YES;
				CLANG_WARN_NON_LITERAL_NULL_CONVERSION = YES;
				CLANG_WARN_OBJC_IMPLICIT_RETAIN_SELF = YES;
				CLANG_WARN_OBJC_LITERAL_CONVERSION = YES;
				CLANG_WARN_OBJC_ROOT_CLASS = YES_ERROR;
				CLANG_WARN_QUOTED_INCLUDE_IN_FRAMEWORK_HEADER = YES;
				CLANG_WARN_RANGE_LOOP_ANALYSIS = YES;
				CLANG_WARN_STRICT_PROTOTYPES = YES;
				CLANG_WARN_SUSPICIOUS_MOVE = YES;
				CLANG_WARN_UNGUARDED_AVAILABILITY = YES_AGGRESSIVE;
				CLANG_WARN_UNREACHABLE_CODE = YES;
				CLANG_WARN__DUPLICATE_METHOD_MATCH = YES;
				COPY_PHASE_STRIP = NO;
				DEBUG_INFORMATION_FORMAT = "dwarf-with-dsym";
				ENABLE_NS_ASSERTIONS = NO;
				ENABLE_STRICT_OBJC_MSGSEND = YES;
				GCC_C_LANGUAGE_STANDARD = gnu11;
				GCC_NO_COMMON_BLOCKS = YES;
				GCC_WARN_64_TO_32_BIT_CONVERSION = YES;
				GCC_WARN_ABOUT_RETURN_TYPE = YES_ERROR;
				GCC_WARN_UNDECLARED_SELECTOR = YES;
				GCC_WARN_UNINITIALIZED_AUTOS = YES_AGGRESSIVE;
				GCC_WARN_UNUSED_FUNCTION = YES;
				GCC_WARN_UNUSED_VARIABLE = YES;
				IPHONEOS_DEPLOYMENT_TARGET = 14.5;
				MTL_ENABLE_DEBUG_INFO = NO;
				MTL_FAST_MATH = YES;
				SDKROOT = iphoneos;
				SWIFT_COMPILATION_MODE = wholemodule;
				SWIFT_OPTIMIZATION_LEVEL = "-O";
				VALIDATE_PRODUCT = YES;
			};
			name = Release;
		};
		0576826C264869E1006F6DAE /* Debug */ = {
			isa = XCBuildConfiguration;
			buildSettings = {
				ASSETCATALOG_COMPILER_APPICON_NAME = AppIcon;
				ASSETCATALOG_COMPILER_GLOBAL_ACCENT_COLOR_NAME = AccentColor;
				CODE_SIGN_STYLE = Automatic;
				DEVELOPMENT_ASSET_PATHS = "\"ArchitectureProject/Preview Content\"";
				DEVELOPMENT_TEAM = ZLRHSN44X4;
				ENABLE_PREVIEWS = YES;
				INFOPLIST_FILE = ArchitectureProject/Info.plist;
				LD_RUNPATH_SEARCH_PATHS = (
					"$(inherited)",
					"@executable_path/Frameworks",
				);
				PRODUCT_BUNDLE_IDENTIFIER = camargo.joao.com.br.ArchitectureProject;
				PRODUCT_NAME = "$(TARGET_NAME)";
				SWIFT_VERSION = 5.0;
				TARGETED_DEVICE_FAMILY = "1,2";
			};
			name = Debug;
		};
		0576826D264869E1006F6DAE /* Release */ = {
			isa = XCBuildConfiguration;
			buildSettings = {
				ASSETCATALOG_COMPILER_APPICON_NAME = AppIcon;
				ASSETCATALOG_COMPILER_GLOBAL_ACCENT_COLOR_NAME = AccentColor;
				CODE_SIGN_STYLE = Automatic;
				DEVELOPMENT_ASSET_PATHS = "\"ArchitectureProject/Preview Content\"";
				DEVELOPMENT_TEAM = ZLRHSN44X4;
				ENABLE_PREVIEWS = YES;
				INFOPLIST_FILE = ArchitectureProject/Info.plist;
				LD_RUNPATH_SEARCH_PATHS = (
					"$(inherited)",
					"@executable_path/Frameworks",
				);
				PRODUCT_BUNDLE_IDENTIFIER = camargo.joao.com.br.ArchitectureProject;
				PRODUCT_NAME = "$(TARGET_NAME)";
				SWIFT_VERSION = 5.0;
				TARGETED_DEVICE_FAMILY = "1,2";
			};
			name = Release;
		};
/* End XCBuildConfiguration section */

/* Begin XCConfigurationList section */
		05768252264869DC006F6DAE /* Build configuration list for PBXProject "ArchitectureProject" */ = {
			isa = XCConfigurationList;
			buildConfigurations = (
				05768269264869E1006F6DAE /* Debug */,
				0576826A264869E1006F6DAE /* Release */,
			);
			defaultConfigurationIsVisible = 0;
			defaultConfigurationName = Release;
		};
		0576826B264869E1006F6DAE /* Build configuration list for PBXNativeTarget "ArchitectureProject" */ = {
			isa = XCConfigurationList;
			buildConfigurations = (
				0576826C264869E1006F6DAE /* Debug */,
				0576826D264869E1006F6DAE /* Release */,
			);
			defaultConfigurationIsVisible = 0;
			defaultConfigurationName = Release;
		};
/* End XCConfigurationList section */
	};
	rootObject = 0576824F264869DC006F6DAE /* Project object */;
}
